
Microsoft Visual Studio Solution File, Format Version 12.00
# Visual Studio Version 17
VisualStudioVersion = 17.0.32014.148
MinimumVisualStudioVersion = 10.0.40219.1
Project("{FAE04EC0-301F-11D3-BF4B-00C04F79EFBC}") = "RiderAppAndroid", "RiderAppAndroid\RiderAppAndroid.csproj", "{3F48B870-3D16-487C-88CD-8F128B0B81EF}"
EndProject
Global
	GlobalSection(SolutionConfigurationPlatforms) = preSolution
		Debug|Any CPU = Debug|Any CPU
		Release|Any CPU = Release|Any CPU
	EndGlobalSection
	GlobalSection(ProjectConfigurationPlatforms) = postSolution
		{3F48B870-3D16-487C-88CD-8F128B0B81EF}.Debug|Any CPU.ActiveCfg = Debug|Any CPU
		{3F48B870-3D16-487C-88CD-8F128B0B81EF}.Debug|Any CPU.Build.0 = Debug|Any CPU
		{3F48B870-3D16-487C-88CD-8F128B0B81EF}.Debug|Any CPU.Deploy.0 = Debug|Any CPU
		{3F48B870-3D16-487C-88CD-8F128B0B81EF}.Release|Any CPU.ActiveCfg = Release|Any CPU
		{3F48B870-3D16-487C-88CD-8F128B0B81EF}.Release|Any CPU.Build.0 = Release|Any CPU
		{3F48B870-3D16-487C-88CD-8F128B0B81EF}.Release|Any CPU.Deploy.0 = Release|Any CPU
	EndGlobalSection
	GlobalSection(SolutionProperties) = preSolution
		HideSolutionNode = FALSE
	EndGlobalSection
	GlobalSection(ExtensibilityGlobals) = postSolution
		SolutionGuid = {970F471A-79E1-45E0-A271-A405AE2699F8}
	EndGlobalSection
EndGlobal
